
Microsoft Visual Studio Solution File, Format Version 10.00
# Visual Studio 2008
Project("{FAE04EC0-301F-11D3-BF4B-00C04F79EFBC}") = "master6", "master6\master6.csproj", "{EFB7D33F-C2E9-49CE-A5ED-411D34D8BE3D}"
EndProject
Global
	GlobalSection(SolutionConfigurationPlatforms) = preSolution
		Debug|Any CPU = Debug|Any CPU
		Release|Any CPU = Release|Any CPU
	EndGlobalSection
	GlobalSection(ProjectConfigurationPlatforms) = postSolution
		{EFB7D33F-C2E9-49CE-A5ED-411D34D8BE3D}.Debug|Any CPU.ActiveCfg = Debug|Any CPU
		{EFB7D33F-C2E9-49CE-A5ED-411D34D8BE3D}.Debug|Any CPU.Build.0 = Debug|Any CPU
		{EFB7D33F-C2E9-49CE-A5ED-411D34D8BE3D}.Release|Any CPU.ActiveCfg = Release|Any CPU
		{EFB7D33F-C2E9-49CE-A5ED-411D34D8BE3D}.Release|Any CPU.Build.0 = Release|Any CPU
	EndGlobalSection
	GlobalSection(SolutionProperties) = preSolution
		HideSolutionNode = FALSE
	EndGlobalSection
EndGlobal
