
Microsoft Visual Studio Solution File, Format Version 10.00
# Visual Studio 2008
Project("{FAE04EC0-301F-11D3-BF4B-00C04F79EFBC}") = "WebService2", "WebService2\WebService2.csproj", "{D18D0CFF-ECA5-4B96-8E68-F3842816119B}"
EndProject
Global
	GlobalSection(SolutionConfigurationPlatforms) = preSolution
		Debug|Any CPU = Debug|Any CPU
		Release|Any CPU = Release|Any CPU
	EndGlobalSection
	GlobalSection(ProjectConfigurationPlatforms) = postSolution
		{D18D0CFF-ECA5-4B96-8E68-F3842816119B}.Debug|Any CPU.ActiveCfg = Debug|Any CPU
		{D18D0CFF-ECA5-4B96-8E68-F3842816119B}.Debug|Any CPU.Build.0 = Debug|Any CPU
		{D18D0CFF-ECA5-4B96-8E68-F3842816119B}.Release|Any CPU.ActiveCfg = Release|Any CPU
		{D18D0CFF-ECA5-4B96-8E68-F3842816119B}.Release|Any CPU.Build.0 = Release|Any CPU
	EndGlobalSection
	GlobalSection(SolutionProperties) = preSolution
		HideSolutionNode = FALSE
	EndGlobalSection
EndGlobal
